{
    "version": 3,
    "terraform_version": "0.11.11",
    "serial": 30,
    "lineage": "7e396e4a-6ebe-9a76-0e11-4ff623816098",
    "modules": [
        {
            "path": [
                "root"
            ],
            "outputs": {},
            "resources": {
                "aws_autoscaling_group.uat-frontend-autoscaling": {
                    "type": "aws_autoscaling_group",
                    "depends_on": [
                        "aws_launch_configuration.uat-frontendlaunchconfig",
                        "aws_subnet.uat-public-1a",
                        "aws_subnet.uat-public-1c"
                    ],
                    "primary": {
                        "id": "uat-frontend-autoscaling",
                        "attributes": {
                            "arn": "arn:aws:autoscaling:us-east-1:508112170859:autoScalingGroup:20b223ea-1275-4b2f-beee-5638285629c8:autoScalingGroupName/uat-frontend-autoscaling",
                            "availability_zones.#": "2",
                            "availability_zones.3569565595": "us-east-1a",
                            "availability_zones.986537655": "us-east-1c",
                            "default_cooldown": "300",
                            "desired_capacity": "1",
                            "enabled_metrics.#": "0",
                            "force_delete": "true",
                            "health_check_grace_period": "300",
                            "health_check_type": "EC2",
                            "id": "uat-frontend-autoscaling",
                            "launch_configuration": "uat-frontendlaunchconfig20190211003528114500000001",
                            "launch_template.#": "0",
                            "load_balancers.#": "0",
                            "max_size": "2",
                            "metrics_granularity": "1Minute",
                            "min_size": "1",
                            "mixed_instances_policy.#": "0",
                            "name": "uat-frontend-autoscaling",
                            "placement_group": "",
                            "protect_from_scale_in": "false",
                            "service_linked_role_arn": "arn:aws:iam::508112170859:role/aws-service-role/autoscaling.amazonaws.com/AWSServiceRoleForAutoScaling",
                            "suspended_processes.#": "0",
                            "tag.#": "1",
                            "tag.1408005840.key": "Name",
                            "tag.1408005840.propagate_at_launch": "true",
                            "tag.1408005840.value": "ec2 instance",
                            "target_group_arns.#": "0",
                            "termination_policies.#": "0",
                            "vpc_zone_identifier.#": "2",
                            "vpc_zone_identifier.4060724539": "subnet-02c2abd2e7e8b3844",
                            "vpc_zone_identifier.4208499959": "subnet-07ae0330a43fb7643",
                            "wait_for_capacity_timeout": "10m"
                        },
                        "meta": {
                            "e2bfb730-ecaa-11e6-8f88-34363bc7c4c0": {
                                "delete": 600000000000
                            }
                        },
                        "tainted": false
                    },
                    "deposed": [],
                    "provider": "provider.aws"
                },
                "aws_autoscaling_policy.frontend-scaledown-policy": {
                    "type": "aws_autoscaling_policy",
                    "depends_on": [
                        "aws_autoscaling_group.uat-frontend-autoscaling"
                    ],
                    "primary": {
                        "id": "frontend-scaledown-policy",
                        "attributes": {
                            "adjustment_type": "ChangeInCapacity",
                            "arn": "arn:aws:autoscaling:us-east-1:508112170859:scalingPolicy:ff5c9953-11d4-4636-8da9-d401605b7890:autoScalingGroupName/uat-frontend-autoscaling:policyName/frontend-scaledown-policy",
                            "autoscaling_group_name": "uat-frontend-autoscaling",
                            "cooldown": "300",
                            "estimated_instance_warmup": "0",
                            "id": "frontend-scaledown-policy",
                            "metric_aggregation_type": "",
                            "min_adjustment_step": "0",
                            "name": "frontend-scaledown-policy",
                            "policy_type": "SimpleScaling",
                            "scaling_adjustment": "-1",
                            "step_adjustment.#": "0",
                            "target_tracking_configuration.#": "0"
                        },
                        "meta": {},
                        "tainted": false
                    },
                    "deposed": [],
                    "provider": "provider.aws"
                },
                "aws_autoscaling_policy.frontend-scaleup-policy": {
                    "type": "aws_autoscaling_policy",
                    "depends_on": [
                        "aws_autoscaling_group.uat-frontend-autoscaling"
                    ],
                    "primary": {
                        "id": "frontend-scaleup-policy",
                        "attributes": {
                            "adjustment_type": "ChangeInCapacity",
                            "arn": "arn:aws:autoscaling:us-east-1:508112170859:scalingPolicy:6a92065c-b6c8-4aa9-b56c-a0e4a1ef8fdb:autoScalingGroupName/uat-frontend-autoscaling:policyName/frontend-scaleup-policy",
                            "autoscaling_group_name": "uat-frontend-autoscaling",
                            "cooldown": "300",
                            "estimated_instance_warmup": "0",
                            "id": "frontend-scaleup-policy",
                            "metric_aggregation_type": "",
                            "min_adjustment_step": "0",
                            "name": "frontend-scaleup-policy",
                            "policy_type": "SimpleScaling",
                            "scaling_adjustment": "1",
                            "step_adjustment.#": "0",
                            "target_tracking_configuration.#": "0"
                        },
                        "meta": {},
                        "tainted": false
                    },
                    "deposed": [],
                    "provider": "provider.aws"
                },
                "aws_cloudwatch_metric_alarm.high-cpu-alarm": {
                    "type": "aws_cloudwatch_metric_alarm",
                    "depends_on": [
                        "aws_autoscaling_group.uat-frontend-autoscaling",
                        "aws_autoscaling_policy.frontend-scaleup-policy"
                    ],
                    "primary": {
                        "id": "high-cpu-alarm",
                        "attributes": {
                            "actions_enabled": "true",
                            "alarm_actions.#": "1",
                            "alarm_actions.913623564": "arn:aws:autoscaling:us-east-1:508112170859:scalingPolicy:6a92065c-b6c8-4aa9-b56c-a0e4a1ef8fdb:autoScalingGroupName/uat-frontend-autoscaling:policyName/frontend-scaleup-policy",
                            "alarm_description": "high-cpu-alarm",
                            "alarm_name": "high-cpu-alarm",
                            "arn": "arn:aws:cloudwatch:us-east-1:508112170859:alarm:high-cpu-alarm",
                            "comparison_operator": "GreaterThanOrEqualToThreshold",
                            "datapoints_to_alarm": "0",
                            "dimensions.%": "1",
                            "dimensions.AutoScalingGroupName": "uat-frontend-autoscaling",
                            "evaluate_low_sample_count_percentiles": "",
                            "evaluation_periods": "2",
                            "extended_statistic": "",
                            "id": "high-cpu-alarm",
                            "insufficient_data_actions.#": "0",
                            "metric_name": "CPUUtilization",
                            "namespace": "AWS/EC2",
                            "ok_actions.#": "0",
                            "period": "120",
                            "statistic": "Average",
                            "threshold": "30",
                            "treat_missing_data": "missing",
                            "unit": ""
                        },
                        "meta": {
                            "schema_version": "1"
                        },
                        "tainted": false
                    },
                    "deposed": [],
                    "provider": "provider.aws"
                },
                "aws_cloudwatch_metric_alarm.low-cpu-alarm": {
                    "type": "aws_cloudwatch_metric_alarm",
                    "depends_on": [
                        "aws_autoscaling_group.uat-frontend-autoscaling",
                        "aws_autoscaling_policy.frontend-scaledown-policy"
                    ],
                    "primary": {
                        "id": "low-cpu-alarm",
                        "attributes": {
                            "actions_enabled": "true",
                            "alarm_actions.#": "1",
                            "alarm_actions.252799115": "arn:aws:autoscaling:us-east-1:508112170859:scalingPolicy:ff5c9953-11d4-4636-8da9-d401605b7890:autoScalingGroupName/uat-frontend-autoscaling:policyName/frontend-scaledown-policy",
                            "alarm_description": "low-cpu-alarm",
                            "alarm_name": "low-cpu-alarm",
                            "arn": "arn:aws:cloudwatch:us-east-1:508112170859:alarm:low-cpu-alarm",
                            "comparison_operator": "LessThanOrEqualToThreshold",
                            "datapoints_to_alarm": "0",
                            "dimensions.%": "1",
                            "dimensions.AutoScalingGroupName": "uat-frontend-autoscaling",
                            "evaluate_low_sample_count_percentiles": "",
                            "evaluation_periods": "2",
                            "extended_statistic": "",
                            "id": "low-cpu-alarm",
                            "insufficient_data_actions.#": "0",
                            "metric_name": "CPUUtilization",
                            "namespace": "AWS/EC2",
                            "ok_actions.#": "0",
                            "period": "120",
                            "statistic": "Average",
                            "threshold": "5",
                            "treat_missing_data": "missing",
                            "unit": ""
                        },
                        "meta": {
                            "schema_version": "1"
                        },
                        "tainted": false
                    },
                    "deposed": [],
                    "provider": "provider.aws"
                },
                "aws_ebs_volume.ebs-volume-1": {
                    "type": "aws_ebs_volume",
                    "depends_on": [],
                    "primary": {
                        "id": "vol-01d2454e02c5fdd75",
                        "attributes": {
                            "arn": "arn:aws:ec2:us-east-1:508112170859:volume/vol-01d2454e02c5fdd75",
                            "availability_zone": "us-east-1a",
                            "encrypted": "false",
                            "id": "vol-01d2454e02c5fdd75",
                            "size": "8",
                            "snapshot_id": "",
                            "tags.%": "1",
                            "tags.Name": "extra volume data",
                            "type": "gp2"
                        },
                        "meta": {},
                        "tainted": false
                    },
                    "deposed": [],
                    "provider": "provider.aws"
                },
                "aws_eip.nat": {
                    "type": "aws_eip",
                    "depends_on": [],
                    "primary": {
                        "id": "eipalloc-06eeb79ef7c16b0fc",
                        "attributes": {
                            "association_id": "eipassoc-096361657a28acc15",
                            "domain": "vpc",
                            "id": "eipalloc-06eeb79ef7c16b0fc",
                            "instance": "",
                            "network_interface": "eni-0d6d646646a568f78",
                            "private_ip": "10.0.5.231",
                            "public_ip": "3.88.74.210",
                            "public_ipv4_pool": "amazon",
                            "tags.%": "0",
                            "vpc": "true"
                        },
                        "meta": {
                            "e2bfb730-ecaa-11e6-8f88-34363bc7c4c0": {
                                "delete": 180000000000,
                                "read": 900000000000,
                                "update": 300000000000
                            }
                        },
                        "tainted": false
                    },
                    "deposed": [],
                    "provider": "provider.aws"
                },
                "aws_instance.AppServer": {
                    "type": "aws_instance",
                    "depends_on": [
                        "aws_security_group.uat-frontend-sg",
                        "aws_subnet.uat-public-1a"
                    ],
                    "primary": {
                        "id": "i-078a6af8f37f570cd",
                        "attributes": {
                            "ami": "ami-0898d3f58bf415990",
                            "arn": "arn:aws:ec2:us-east-1:508112170859:instance/i-078a6af8f37f570cd",
                            "associate_public_ip_address": "true",
                            "availability_zone": "us-east-1a",
                            "cpu_core_count": "1",
                            "cpu_threads_per_core": "1",
                            "credit_specification.#": "1",
                            "credit_specification.0.cpu_credits": "standard",
                            "disable_api_termination": "false",
                            "ebs_block_device.#": "1",
                            "ebs_block_device.3846643179.delete_on_termination": "false",
                            "ebs_block_device.3846643179.device_name": "/dev/xvdh",
                            "ebs_block_device.3846643179.encrypted": "false",
                            "ebs_block_device.3846643179.iops": "100",
                            "ebs_block_device.3846643179.snapshot_id": "",
                            "ebs_block_device.3846643179.volume_id": "vol-01d2454e02c5fdd75",
                            "ebs_block_device.3846643179.volume_size": "8",
                            "ebs_block_device.3846643179.volume_type": "gp2",
                            "ebs_optimized": "false",
                            "ephemeral_block_device.#": "0",
                            "get_password_data": "false",
                            "iam_instance_profile": "",
                            "id": "i-078a6af8f37f570cd",
                            "instance_state": "running",
                            "instance_type": "t2.micro",
                            "ipv6_addresses.#": "0",
                            "key_name": "uat-ssh-key.pem",
                            "monitoring": "false",
                            "network_interface.#": "0",
                            "network_interface_id": "eni-08630cb03c6b1967c",
                            "password_data": "",
                            "placement_group": "",
                            "primary_network_interface_id": "eni-08630cb03c6b1967c",
                            "private_dns": "ip-10-0-5-92.ec2.internal",
                            "private_ip": "10.0.5.92",
                            "public_dns": "ec2-3-80-188-84.compute-1.amazonaws.com",
                            "public_ip": "3.80.188.84",
                            "root_block_device.#": "1",
                            "root_block_device.0.delete_on_termination": "true",
                            "root_block_device.0.iops": "100",
                            "root_block_device.0.volume_id": "vol-0384dd46c8278aa1f",
                            "root_block_device.0.volume_size": "8",
                            "root_block_device.0.volume_type": "gp2",
                            "security_groups.#": "0",
                            "source_dest_check": "true",
                            "subnet_id": "subnet-07ae0330a43fb7643",
                            "tags.%": "1",
                            "tags.Name": "Appserver",
                            "tenancy": "default",
                            "volume_tags.%": "1",
                            "volume_tags.Name": "extra volume data",
                            "vpc_security_group_ids.#": "1",
                            "vpc_security_group_ids.3076730375": "sg-081af5a94459cf4fc"
                        },
                        "meta": {
                            "e2bfb730-ecaa-11e6-8f88-34363bc7c4c0": {
                                "create": 600000000000,
                                "delete": 1200000000000,
                                "update": 600000000000
                            },
                            "schema_version": "1"
                        },
                        "tainted": false
                    },
                    "deposed": [],
                    "provider": "provider.aws"
                },
                "aws_internet_gateway.uat-gw": {
                    "type": "aws_internet_gateway",
                    "depends_on": [
                        "aws_vpc.main"
                    ],
                    "primary": {
                        "id": "igw-0eb34c4c7e5a64954",
                        "attributes": {
                            "id": "igw-0eb34c4c7e5a64954",
                            "owner_id": "508112170859",
                            "tags.%": "1",
                            "tags.Name": "uat-gw",
                            "vpc_id": "vpc-078f2721a755ef572"
                        },
                        "meta": {},
                        "tainted": false
                    },
                    "deposed": [],
                    "provider": "provider.aws"
                },
                "aws_launch_configuration.uat-frontendlaunchconfig": {
                    "type": "aws_launch_configuration",
                    "depends_on": [
                        "aws_security_group.uat-frontend-sg"
                    ],
                    "primary": {
                        "id": "uat-frontendlaunchconfig20190211003528114500000001",
                        "attributes": {
                            "associate_public_ip_address": "false",
                            "ebs_block_device.#": "0",
                            "ebs_optimized": "false",
                            "enable_monitoring": "true",
                            "ephemeral_block_device.#": "0",
                            "iam_instance_profile": "",
                            "id": "uat-frontendlaunchconfig20190211003528114500000001",
                            "image_id": "ami-0898d3f58bf415990",
                            "instance_type": "t2.micro",
                            "key_name": "uat-ssh-key.pem",
                            "name": "uat-frontendlaunchconfig20190211003528114500000001",
                            "name_prefix": "uat-frontendlaunchconfig",
                            "root_block_device.#": "0",
                            "security_groups.#": "1",
                            "security_groups.3076730375": "sg-081af5a94459cf4fc",
                            "spot_price": "",
                            "vpc_classic_link_id": "",
                            "vpc_classic_link_security_groups.#": "0"
                        },
                        "meta": {},
                        "tainted": false
                    },
                    "deposed": [],
                    "provider": "provider.aws"
                },
                "aws_lb.uat-FrontendLB": {
                    "type": "aws_lb",
                    "depends_on": [
                        "aws_security_group.uat-frontend-sg",
                        "aws_subnet.uat-public-1a",
                        "aws_subnet.uat-public-1c"
                    ],
                    "primary": {
                        "id": "arn:aws:elasticloadbalancing:us-east-1:508112170859:loadbalancer/app/uat-FrontendLB/3030665c213658d9",
                        "attributes": {
                            "access_logs.#": "0",
                            "arn": "arn:aws:elasticloadbalancing:us-east-1:508112170859:loadbalancer/app/uat-FrontendLB/3030665c213658d9",
                            "arn_suffix": "app/uat-FrontendLB/3030665c213658d9",
                            "dns_name": "uat-FrontendLB-11649458.us-east-1.elb.amazonaws.com",
                            "enable_deletion_protection": "false",
                            "enable_http2": "true",
                            "id": "arn:aws:elasticloadbalancing:us-east-1:508112170859:loadbalancer/app/uat-FrontendLB/3030665c213658d9",
                            "idle_timeout": "60",
                            "internal": "false",
                            "ip_address_type": "ipv4",
                            "load_balancer_type": "application",
                            "name": "uat-FrontendLB",
                            "security_groups.#": "1",
                            "security_groups.3076730375": "sg-081af5a94459cf4fc",
                            "subnet_mapping.#": "0",
                            "subnets.#": "2",
                            "subnets.4060724539": "subnet-02c2abd2e7e8b3844",
                            "subnets.4208499959": "subnet-07ae0330a43fb7643",
                            "tags.%": "1",
                            "tags.Environment": "uat",
                            "vpc_id": "vpc-078f2721a755ef572",
                            "zone_id": "Z35SXDOTRQ7X7K"
                        },
                        "meta": {
                            "e2bfb730-ecaa-11e6-8f88-34363bc7c4c0": {
                                "create": 600000000000,
                                "delete": 600000000000,
                                "update": 600000000000
                            }
                        },
                        "tainted": false
                    },
                    "deposed": [],
                    "provider": "provider.aws"
                },
                "aws_lb_listener.uat-frontend-listener": {
                    "type": "aws_lb_listener",
                    "depends_on": [
                        "aws_lb.uat-FrontendLB",
                        "aws_lb_target_group.uat-tg"
                    ],
                    "primary": {
                        "id": "arn:aws:elasticloadbalancing:us-east-1:508112170859:listener/app/uat-FrontendLB/3030665c213658d9/8ce8dca60f4a3c6a",
                        "attributes": {
                            "arn": "arn:aws:elasticloadbalancing:us-east-1:508112170859:listener/app/uat-FrontendLB/3030665c213658d9/8ce8dca60f4a3c6a",
                            "default_action.#": "1",
                            "default_action.0.authenticate_cognito.#": "0",
                            "default_action.0.authenticate_oidc.#": "0",
                            "default_action.0.fixed_response.#": "0",
                            "default_action.0.order": "1",
                            "default_action.0.redirect.#": "0",
                            "default_action.0.target_group_arn": "arn:aws:elasticloadbalancing:us-east-1:508112170859:targetgroup/uat-tg/3fedf60519f708ec",
                            "default_action.0.type": "forward",
                            "id": "arn:aws:elasticloadbalancing:us-east-1:508112170859:listener/app/uat-FrontendLB/3030665c213658d9/8ce8dca60f4a3c6a",
                            "load_balancer_arn": "arn:aws:elasticloadbalancing:us-east-1:508112170859:loadbalancer/app/uat-FrontendLB/3030665c213658d9",
                            "port": "80",
                            "protocol": "HTTP",
                            "ssl_policy": ""
                        },
                        "meta": {
                            "e2bfb730-ecaa-11e6-8f88-34363bc7c4c0": {
                                "read": 600000000000
                            }
                        },
                        "tainted": false
                    },
                    "deposed": [],
                    "provider": "provider.aws"
                },
                "aws_lb_listener.uat-frontend-secure-listener": {
                    "type": "aws_lb_listener",
                    "depends_on": [
                        "aws_lb.uat-FrontendLB",
                        "aws_lb_target_group.uat-tg"
                    ],
                    "primary": {
                        "id": "arn:aws:elasticloadbalancing:us-east-1:508112170859:listener/app/uat-FrontendLB/3030665c213658d9/b9b32c78b311382b",
                        "attributes": {
                            "arn": "arn:aws:elasticloadbalancing:us-east-1:508112170859:listener/app/uat-FrontendLB/3030665c213658d9/b9b32c78b311382b",
                            "certificate_arn": "arn:aws:acm:us-east-1:508112170859:certificate/cfd72e12-8763-4296-a65f-edc6ad2f0fc8",
                            "default_action.#": "1",
                            "default_action.0.authenticate_cognito.#": "0",
                            "default_action.0.authenticate_oidc.#": "0",
                            "default_action.0.fixed_response.#": "0",
                            "default_action.0.order": "1",
                            "default_action.0.redirect.#": "0",
                            "default_action.0.target_group_arn": "arn:aws:elasticloadbalancing:us-east-1:508112170859:targetgroup/uat-tg/3fedf60519f708ec",
                            "default_action.0.type": "forward",
                            "id": "arn:aws:elasticloadbalancing:us-east-1:508112170859:listener/app/uat-FrontendLB/3030665c213658d9/b9b32c78b311382b",
                            "load_balancer_arn": "arn:aws:elasticloadbalancing:us-east-1:508112170859:loadbalancer/app/uat-FrontendLB/3030665c213658d9",
                            "port": "443",
                            "protocol": "HTTPS",
                            "ssl_policy": "ELBSecurityPolicy-2016-08"
                        },
                        "meta": {
                            "e2bfb730-ecaa-11e6-8f88-34363bc7c4c0": {
                                "read": 600000000000
                            }
                        },
                        "tainted": false
                    },
                    "deposed": [],
                    "provider": "provider.aws"
                },
                "aws_lb_listener_rule.static": {
                    "type": "aws_lb_listener_rule",
                    "depends_on": [
                        "aws_lb_listener.uat-frontend-listener",
                        "aws_lb_target_group.uat-tg"
                    ],
                    "primary": {
                        "id": "arn:aws:elasticloadbalancing:us-east-1:508112170859:listener-rule/app/uat-FrontendLB/3030665c213658d9/8ce8dca60f4a3c6a/4cab95608c10077b",
                        "attributes": {
                            "action.#": "1",
                            "action.0.authenticate_cognito.#": "0",
                            "action.0.authenticate_oidc.#": "0",
                            "action.0.fixed_response.#": "0",
                            "action.0.order": "1",
                            "action.0.redirect.#": "0",
                            "action.0.target_group_arn": "arn:aws:elasticloadbalancing:us-east-1:508112170859:targetgroup/uat-tg/3fedf60519f708ec",
                            "action.0.type": "forward",
                            "arn": "arn:aws:elasticloadbalancing:us-east-1:508112170859:listener-rule/app/uat-FrontendLB/3030665c213658d9/8ce8dca60f4a3c6a/4cab95608c10077b",
                            "condition.#": "1",
                            "condition.1238439423.field": "path-pattern",
                            "condition.1238439423.values.#": "1",
                            "condition.1238439423.values.0": "/companyNews/index.jsp",
                            "id": "arn:aws:elasticloadbalancing:us-east-1:508112170859:listener-rule/app/uat-FrontendLB/3030665c213658d9/8ce8dca60f4a3c6a/4cab95608c10077b",
                            "listener_arn": "arn:aws:elasticloadbalancing:us-east-1:508112170859:listener/app/uat-FrontendLB/3030665c213658d9/8ce8dca60f4a3c6a",
                            "priority": "100"
                        },
                        "meta": {},
                        "tainted": false
                    },
                    "deposed": [],
                    "provider": "provider.aws"
                },
                "aws_lb_target_group.uat-tg": {
                    "type": "aws_lb_target_group",
                    "depends_on": [
                        "aws_vpc.main"
                    ],
                    "primary": {
                        "id": "arn:aws:elasticloadbalancing:us-east-1:508112170859:targetgroup/uat-tg/3fedf60519f708ec",
                        "attributes": {
                            "arn": "arn:aws:elasticloadbalancing:us-east-1:508112170859:targetgroup/uat-tg/3fedf60519f708ec",
                            "arn_suffix": "targetgroup/uat-tg/3fedf60519f708ec",
                            "deregistration_delay": "300",
                            "health_check.#": "1",
                            "health_check.0.healthy_threshold": "2",
                            "health_check.0.interval": "5",
                            "health_check.0.matcher": "200",
                            "health_check.0.path": "/companyNews/index.jsp",
                            "health_check.0.port": "traffic-port",
                            "health_check.0.protocol": "HTTP",
                            "health_check.0.timeout": "4",
                            "health_check.0.unhealthy_threshold": "4",
                            "id": "arn:aws:elasticloadbalancing:us-east-1:508112170859:targetgroup/uat-tg/3fedf60519f708ec",
                            "name": "uat-tg",
                            "port": "8080",
                            "protocol": "HTTP",
                            "proxy_protocol_v2": "false",
                            "slow_start": "0",
                            "stickiness.#": "1",
                            "stickiness.0.cookie_duration": "86400",
                            "stickiness.0.enabled": "false",
                            "stickiness.0.type": "lb_cookie",
                            "tags.%": "0",
                            "target_type": "instance",
                            "vpc_id": "vpc-078f2721a755ef572"
                        },
                        "meta": {},
                        "tainted": false
                    },
                    "deposed": [],
                    "provider": "provider.aws"
                },
                "aws_lb_target_group_attachment.FrontendLB": {
                    "type": "aws_lb_target_group_attachment",
                    "depends_on": [
                        "aws_instance.AppServer",
                        "aws_lb_target_group.uat-tg"
                    ],
                    "primary": {
                        "id": "arn:aws:elasticloadbalancing:us-east-1:508112170859:targetgroup/uat-tg/3fedf60519f708ec-20190211003639942200000002",
                        "attributes": {
                            "id": "arn:aws:elasticloadbalancing:us-east-1:508112170859:targetgroup/uat-tg/3fedf60519f708ec-20190211003639942200000002",
                            "port": "8080",
                            "target_group_arn": "arn:aws:elasticloadbalancing:us-east-1:508112170859:targetgroup/uat-tg/3fedf60519f708ec",
                            "target_id": "i-078a6af8f37f570cd"
                        },
                        "meta": {},
                        "tainted": false
                    },
                    "deposed": [],
                    "provider": "provider.aws"
                },
                "aws_nat_gateway.uat-gw": {
                    "type": "aws_nat_gateway",
                    "depends_on": [
                        "aws_eip.nat",
                        "aws_internet_gateway.uat-gw",
                        "aws_subnet.uat-public-1a"
                    ],
                    "primary": {
                        "id": "nat-0156d3cdf39535153",
                        "attributes": {
                            "allocation_id": "eipalloc-06eeb79ef7c16b0fc",
                            "id": "nat-0156d3cdf39535153",
                            "network_interface_id": "eni-0d6d646646a568f78",
                            "private_ip": "10.0.5.231",
                            "public_ip": "3.88.74.210",
                            "subnet_id": "subnet-07ae0330a43fb7643",
                            "tags.%": "0"
                        },
                        "meta": {},
                        "tainted": false
                    },
                    "deposed": [],
                    "provider": "provider.aws"
                },
                "aws_route_table.uat-private": {
                    "type": "aws_route_table",
                    "depends_on": [
                        "aws_nat_gateway.uat-gw",
                        "aws_vpc.main"
                    ],
                    "primary": {
                        "id": "rtb-04cf6354929910fa6",
                        "attributes": {
                            "id": "rtb-04cf6354929910fa6",
                            "owner_id": "508112170859",
                            "propagating_vgws.#": "0",
                            "route.#": "1",
                            "route.1837728565.cidr_block": "0.0.0.0/0",
                            "route.1837728565.egress_only_gateway_id": "",
                            "route.1837728565.gateway_id": "",
                            "route.1837728565.instance_id": "",
                            "route.1837728565.ipv6_cidr_block": "",
                            "route.1837728565.nat_gateway_id": "nat-0156d3cdf39535153",
                            "route.1837728565.network_interface_id": "",
                            "route.1837728565.transit_gateway_id": "",
                            "route.1837728565.vpc_peering_connection_id": "",
                            "tags.%": "1",
                            "tags.Name": "uat-private",
                            "vpc_id": "vpc-078f2721a755ef572"
                        },
                        "meta": {},
                        "tainted": false
                    },
                    "deposed": [],
                    "provider": "provider.aws"
                },
                "aws_route_table.uat-public": {
                    "type": "aws_route_table",
                    "depends_on": [
                        "aws_internet_gateway.uat-gw",
                        "aws_vpc.main"
                    ],
                    "primary": {
                        "id": "rtb-0da1aada8064bdb9e",
                        "attributes": {
                            "id": "rtb-0da1aada8064bdb9e",
                            "owner_id": "508112170859",
                            "propagating_vgws.#": "0",
                            "route.#": "1",
                            "route.1299179030.cidr_block": "0.0.0.0/0",
                            "route.1299179030.egress_only_gateway_id": "",
                            "route.1299179030.gateway_id": "igw-0eb34c4c7e5a64954",
                            "route.1299179030.instance_id": "",
                            "route.1299179030.ipv6_cidr_block": "",
                            "route.1299179030.nat_gateway_id": "",
                            "route.1299179030.network_interface_id": "",
                            "route.1299179030.transit_gateway_id": "",
                            "route.1299179030.vpc_peering_connection_id": "",
                            "tags.%": "1",
                            "tags.Name": "uat-public",
                            "vpc_id": "vpc-078f2721a755ef572"
                        },
                        "meta": {},
                        "tainted": false
                    },
                    "deposed": [],
                    "provider": "provider.aws"
                },
                "aws_route_table_association.uat-private-1b": {
                    "type": "aws_route_table_association",
                    "depends_on": [
                        "aws_route_table.uat-private",
                        "aws_subnet.uat-private-1b"
                    ],
                    "primary": {
                        "id": "rtbassoc-0907f3161da8015d3",
                        "attributes": {
                            "id": "rtbassoc-0907f3161da8015d3",
                            "route_table_id": "rtb-04cf6354929910fa6",
                            "subnet_id": "subnet-00a023d3e64dbc072"
                        },
                        "meta": {},
                        "tainted": false
                    },
                    "deposed": [],
                    "provider": "provider.aws"
                },
                "aws_route_table_association.uat-private-1d": {
                    "type": "aws_route_table_association",
                    "depends_on": [
                        "aws_route_table.uat-private",
                        "aws_subnet.uat-private-1d"
                    ],
                    "primary": {
                        "id": "rtbassoc-05e65450da4eb355a",
                        "attributes": {
                            "id": "rtbassoc-05e65450da4eb355a",
                            "route_table_id": "rtb-04cf6354929910fa6",
                            "subnet_id": "subnet-0aa76dffe5e3c2103"
                        },
                        "meta": {},
                        "tainted": false
                    },
                    "deposed": [],
                    "provider": "provider.aws"
                },
                "aws_route_table_association.uat-public-1a": {
                    "type": "aws_route_table_association",
                    "depends_on": [
                        "aws_route_table.uat-public",
                        "aws_subnet.uat-public-1a"
                    ],
                    "primary": {
                        "id": "rtbassoc-088f1d0e59feaee17",
                        "attributes": {
                            "id": "rtbassoc-088f1d0e59feaee17",
                            "route_table_id": "rtb-0da1aada8064bdb9e",
                            "subnet_id": "subnet-07ae0330a43fb7643"
                        },
                        "meta": {},
                        "tainted": false
                    },
                    "deposed": [],
                    "provider": "provider.aws"
                },
                "aws_route_table_association.uat-public-1c": {
                    "type": "aws_route_table_association",
                    "depends_on": [
                        "aws_route_table.uat-public",
                        "aws_subnet.uat-public-1c"
                    ],
                    "primary": {
                        "id": "rtbassoc-0ccedcf318eedff7b",
                        "attributes": {
                            "id": "rtbassoc-0ccedcf318eedff7b",
                            "route_table_id": "rtb-0da1aada8064bdb9e",
                            "subnet_id": "subnet-02c2abd2e7e8b3844"
                        },
                        "meta": {},
                        "tainted": false
                    },
                    "deposed": [],
                    "provider": "provider.aws"
                },
                "aws_security_group.uat-frontend-sg": {
                    "type": "aws_security_group",
                    "depends_on": [
                        "aws_vpc.main"
                    ],
                    "primary": {
                        "id": "sg-081af5a94459cf4fc",
                        "attributes": {
                            "arn": "arn:aws:ec2:us-east-1:508112170859:security-group/sg-081af5a94459cf4fc",
                            "description": "security group that allows ssh and all egress traffic",
                            "egress.#": "1",
                            "egress.482069346.cidr_blocks.#": "1",
                            "egress.482069346.cidr_blocks.0": "0.0.0.0/0",
                            "egress.482069346.description": "",
                            "egress.482069346.from_port": "0",
                            "egress.482069346.ipv6_cidr_blocks.#": "0",
                            "egress.482069346.prefix_list_ids.#": "0",
                            "egress.482069346.protocol": "-1",
                            "egress.482069346.security_groups.#": "0",
                            "egress.482069346.self": "false",
                            "egress.482069346.to_port": "0",
                            "id": "sg-081af5a94459cf4fc",
                            "ingress.#": "3",
                            "ingress.1403647648.cidr_blocks.#": "1",
                            "ingress.1403647648.cidr_blocks.0": "0.0.0.0/0",
                            "ingress.1403647648.description": "",
                            "ingress.1403647648.from_port": "0",
                            "ingress.1403647648.ipv6_cidr_blocks.#": "0",
                            "ingress.1403647648.prefix_list_ids.#": "0",
                            "ingress.1403647648.protocol": "tcp",
                            "ingress.1403647648.security_groups.#": "0",
                            "ingress.1403647648.self": "false",
                            "ingress.1403647648.to_port": "65535",
                            "ingress.2214680975.cidr_blocks.#": "1",
                            "ingress.2214680975.cidr_blocks.0": "0.0.0.0/0",
                            "ingress.2214680975.description": "",
                            "ingress.2214680975.from_port": "80",
                            "ingress.2214680975.ipv6_cidr_blocks.#": "0",
                            "ingress.2214680975.prefix_list_ids.#": "0",
                            "ingress.2214680975.protocol": "tcp",
                            "ingress.2214680975.security_groups.#": "0",
                            "ingress.2214680975.self": "false",
                            "ingress.2214680975.to_port": "80",
                            "ingress.2541437006.cidr_blocks.#": "1",
                            "ingress.2541437006.cidr_blocks.0": "0.0.0.0/0",
                            "ingress.2541437006.description": "",
                            "ingress.2541437006.from_port": "22",
                            "ingress.2541437006.ipv6_cidr_blocks.#": "0",
                            "ingress.2541437006.prefix_list_ids.#": "0",
                            "ingress.2541437006.protocol": "tcp",
                            "ingress.2541437006.security_groups.#": "0",
                            "ingress.2541437006.self": "false",
                            "ingress.2541437006.to_port": "22",
                            "name": "uat-frontend-sg",
                            "owner_id": "508112170859",
                            "revoke_rules_on_delete": "false",
                            "tags.%": "1",
                            "tags.Name": "uat-frontend-sg",
                            "vpc_id": "vpc-078f2721a755ef572"
                        },
                        "meta": {
                            "e2bfb730-ecaa-11e6-8f88-34363bc7c4c0": {
                                "create": 600000000000,
                                "delete": 600000000000
                            },
                            "schema_version": "1"
                        },
                        "tainted": false
                    },
                    "deposed": [],
                    "provider": "provider.aws"
                },
                "aws_subnet.uat-private-1b": {
                    "type": "aws_subnet",
                    "depends_on": [
                        "aws_vpc.main"
                    ],
                    "primary": {
                        "id": "subnet-00a023d3e64dbc072",
                        "attributes": {
                            "arn": "arn:aws:ec2:us-east-1:508112170859:subnet/subnet-00a023d3e64dbc072",
                            "assign_ipv6_address_on_creation": "false",
                            "availability_zone": "us-east-1b",
                            "availability_zone_id": "use1-az4",
                            "cidr_block": "10.0.7.0/24",
                            "id": "subnet-00a023d3e64dbc072",
                            "ipv6_cidr_block": "",
                            "ipv6_cidr_block_association_id": "",
                            "map_public_ip_on_launch": "false",
                            "owner_id": "508112170859",
                            "tags.%": "1",
                            "tags.Name": "uat-private-1b",
                            "vpc_id": "vpc-078f2721a755ef572"
                        },
                        "meta": {
                            "e2bfb730-ecaa-11e6-8f88-34363bc7c4c0": {
                                "create": 600000000000,
                                "delete": 600000000000
                            },
                            "schema_version": "1"
                        },
                        "tainted": false
                    },
                    "deposed": [],
                    "provider": "provider.aws"
                },
                "aws_subnet.uat-private-1d": {
                    "type": "aws_subnet",
                    "depends_on": [
                        "aws_vpc.main"
                    ],
                    "primary": {
                        "id": "subnet-0aa76dffe5e3c2103",
                        "attributes": {
                            "arn": "arn:aws:ec2:us-east-1:508112170859:subnet/subnet-0aa76dffe5e3c2103",
                            "assign_ipv6_address_on_creation": "false",
                            "availability_zone": "us-east-1d",
                            "availability_zone_id": "use1-az1",
                            "cidr_block": "10.0.8.0/24",
                            "id": "subnet-0aa76dffe5e3c2103",
                            "ipv6_cidr_block": "",
                            "ipv6_cidr_block_association_id": "",
                            "map_public_ip_on_launch": "false",
                            "owner_id": "508112170859",
                            "tags.%": "1",
                            "tags.Name": "uat-private-1d",
                            "vpc_id": "vpc-078f2721a755ef572"
                        },
                        "meta": {
                            "e2bfb730-ecaa-11e6-8f88-34363bc7c4c0": {
                                "create": 600000000000,
                                "delete": 600000000000
                            },
                            "schema_version": "1"
                        },
                        "tainted": false
                    },
                    "deposed": [],
                    "provider": "provider.aws"
                },
                "aws_subnet.uat-public-1a": {
                    "type": "aws_subnet",
                    "depends_on": [
                        "aws_vpc.main"
                    ],
                    "primary": {
                        "id": "subnet-07ae0330a43fb7643",
                        "attributes": {
                            "arn": "arn:aws:ec2:us-east-1:508112170859:subnet/subnet-07ae0330a43fb7643",
                            "assign_ipv6_address_on_creation": "false",
                            "availability_zone": "us-east-1a",
                            "availability_zone_id": "use1-az2",
                            "cidr_block": "10.0.5.0/24",
                            "id": "subnet-07ae0330a43fb7643",
                            "ipv6_cidr_block": "",
                            "ipv6_cidr_block_association_id": "",
                            "map_public_ip_on_launch": "true",
                            "owner_id": "508112170859",
                            "tags.%": "1",
                            "tags.Name": "uat-public-1a",
                            "vpc_id": "vpc-078f2721a755ef572"
                        },
                        "meta": {
                            "e2bfb730-ecaa-11e6-8f88-34363bc7c4c0": {
                                "create": 600000000000,
                                "delete": 600000000000
                            },
                            "schema_version": "1"
                        },
                        "tainted": false
                    },
                    "deposed": [],
                    "provider": "provider.aws"
                },
                "aws_subnet.uat-public-1c": {
                    "type": "aws_subnet",
                    "depends_on": [
                        "aws_vpc.main"
                    ],
                    "primary": {
                        "id": "subnet-02c2abd2e7e8b3844",
                        "attributes": {
                            "arn": "arn:aws:ec2:us-east-1:508112170859:subnet/subnet-02c2abd2e7e8b3844",
                            "assign_ipv6_address_on_creation": "false",
                            "availability_zone": "us-east-1c",
                            "availability_zone_id": "use1-az6",
                            "cidr_block": "10.0.6.0/24",
                            "id": "subnet-02c2abd2e7e8b3844",
                            "ipv6_cidr_block": "",
                            "ipv6_cidr_block_association_id": "",
                            "map_public_ip_on_launch": "true",
                            "owner_id": "508112170859",
                            "tags.%": "1",
                            "tags.Name": "uat-public-1c",
                            "vpc_id": "vpc-078f2721a755ef572"
                        },
                        "meta": {
                            "e2bfb730-ecaa-11e6-8f88-34363bc7c4c0": {
                                "create": 600000000000,
                                "delete": 600000000000
                            },
                            "schema_version": "1"
                        },
                        "tainted": false
                    },
                    "deposed": [],
                    "provider": "provider.aws"
                },
                "aws_volume_attachment.ebs-volume-1": {
                    "type": "aws_volume_attachment",
                    "depends_on": [
                        "aws_ebs_volume.ebs-volume-1",
                        "aws_instance.AppServer"
                    ],
                    "primary": {
                        "id": "vai-3084643224",
                        "attributes": {
                            "device_name": "/dev/xvdh",
                            "id": "vai-3084643224",
                            "instance_id": "i-078a6af8f37f570cd",
                            "volume_id": "vol-01d2454e02c5fdd75"
                        },
                        "meta": {},
                        "tainted": false
                    },
                    "deposed": [],
                    "provider": "provider.aws"
                },
                "aws_vpc.main": {
                    "type": "aws_vpc",
                    "depends_on": [],
                    "primary": {
                        "id": "vpc-078f2721a755ef572",
                        "attributes": {
                            "arn": "arn:aws:ec2:us-east-1:508112170859:vpc/vpc-078f2721a755ef572",
                            "assign_generated_ipv6_cidr_block": "false",
                            "cidr_block": "10.0.0.0/16",
                            "default_network_acl_id": "acl-0cb952d5613d70a85",
                            "default_route_table_id": "rtb-0d5cec4392d695917",
                            "default_security_group_id": "sg-08c91243b4bdfab2e",
                            "dhcp_options_id": "dopt-acc616d5",
                            "enable_classiclink": "false",
                            "enable_classiclink_dns_support": "false",
                            "enable_dns_hostnames": "true",
                            "enable_dns_support": "true",
                            "id": "vpc-078f2721a755ef572",
                            "instance_tenancy": "default",
                            "ipv6_association_id": "",
                            "ipv6_cidr_block": "",
                            "main_route_table_id": "rtb-0d5cec4392d695917",
                            "owner_id": "508112170859",
                            "tags.%": "1",
                            "tags.Name": "UAT-terraform"
                        },
                        "meta": {
                            "schema_version": "1"
                        },
                        "tainted": false
                    },
                    "deposed": [],
                    "provider": "provider.aws"
                }
            },
            "depends_on": []
        }
    ]
}
